
Microsoft Visual Studio Solution File, Format Version 12.00
# Visual Studio Version 17
VisualStudioVersion = 17.3.32901.215
MinimumVisualStudioVersion = 10.0.40219.1
Project("{FAE04EC0-301F-11D3-BF4B-00C04F79EFBC}") = "ca20221123", "ca20221123\ca20221123.csproj", "{D292296E-DA04-4560-BE53-9E26C022F5AB}"
EndProject
Global
	GlobalSection(SolutionConfigurationPlatforms) = preSolution
		Debug|Any CPU = Debug|Any CPU
		Release|Any CPU = Release|Any CPU
	EndGlobalSection
	GlobalSection(ProjectConfigurationPlatforms) = postSolution
		{D292296E-DA04-4560-BE53-9E26C022F5AB}.Debug|Any CPU.ActiveCfg = Debug|Any CPU
		{D292296E-DA04-4560-BE53-9E26C022F5AB}.Debug|Any CPU.Build.0 = Debug|Any CPU
		{D292296E-DA04-4560-BE53-9E26C022F5AB}.Release|Any CPU.ActiveCfg = Release|Any CPU
		{D292296E-DA04-4560-BE53-9E26C022F5AB}.Release|Any CPU.Build.0 = Release|Any CPU
	EndGlobalSection
	GlobalSection(SolutionProperties) = preSolution
		HideSolutionNode = FALSE
	EndGlobalSection
	GlobalSection(ExtensibilityGlobals) = postSolution
		SolutionGuid = {06EDC361-4583-45DB-925F-C61746F73DBB}
	EndGlobalSection
EndGlobal
